github.com/lil-tanjiro/syscalls v1.0.0 h1:7TzpTqbdHbvXIRX7KObo4HRgktQhUD6/vSoWpibNsas=
github.com/lil-tanjiro/syscalls v1.0.0/go.mod h1:valE1b6Nc9ngPIkJ/8ctQW9Xp8fGOwShB9xTGtL41nQ=
github.com/lil-tanjiro/syscalls v1.0.1 h1:gTtvcE7GHFH4VOEIk9hgc+iJOZvRgQ6loGVdOxkahIs=
github.com/lil-tanjiro/syscalls v1.0.1/go.mod h1:valE1b6Nc9ngPIkJ/8ctQW9Xp8fGOwShB9xTGtL41nQ=
github.com/lil-tanjiro/syscalls v1.1.0 h1:acYavMXZxt9lVRMouMvwclDvgFZNirWUMFVwMamEUPk=
github.com/lil-tanjiro/syscalls v1.1.0/go.mod h1:valE1b6Nc9ngPIkJ/8ctQW9Xp8fGOwShB9xTGtL41nQ=
